// !$*UTF8*$!
{
	archiveVersion = 1;
	classes = {
	};
	objectVersion = 46;
	objects = {

/* Begin PBXBuildFile section */
		2F2C392B1A15E12200D0280F /* PTRXLandscapeViewController.m in Sources */ = {isa = PBXBuildFile; fileRef = 2F2C39291A15E12200D0280F /* PTRXLandscapeViewController.m */; };
		2F2C392C1A15E12200D0280F /* PTRXLandscapeViewController.xib in Resources */ = {isa = PBXBuildFile; fileRef = 2F2C392A1A15E12200D0280F /* PTRXLandscapeViewController.xib */; };
		2F33432A1A189F0C00008283 /* PTRXSearch.m in Sources */ = {isa = PBXBuildFile; fileRef = 2F3343291A189F0C00008283 /* PTRXSearch.m */; };
		2F4307D51A1307D000CCE884 /* PTRXLoadingCell.xib in Resources */ = {isa = PBXBuildFile; fileRef = 2F4307D41A1307D000CCE884 /* PTRXLoadingCell.xib */; };
		2F51E41F1A0FB49100702944 /* Foundation.framework in Frameworks */ = {isa = PBXBuildFile; fileRef = 2F51E41E1A0FB49100702944 /* Foundation.framework */; };
		2F51E4211A0FB49100702944 /* CoreGraphics.framework in Frameworks */ = {isa = PBXBuildFile; fileRef = 2F51E4201A0FB49100702944 /* CoreGraphics.framework */; };
		2F51E4231A0FB49100702944 /* UIKit.framework in Frameworks */ = {isa = PBXBuildFile; fileRef = 2F51E4221A0FB49100702944 /* UIKit.framework */; };
		2F51E4291A0FB49100702944 /* InfoPlist.strings in Resources */ = {isa = PBXBuildFile; fileRef = 2F51E4271A0FB49100702944 /* InfoPlist.strings */; };
		2F51E42B1A0FB49100702944 /* main.m in Sources */ = {isa = PBXBuildFile; fileRef = 2F51E42A1A0FB49100702944 /* main.m */; };
		2F51E42F1A0FB49100702944 /* PTRXAppDelegate.m in Sources */ = {isa = PBXBuildFile; fileRef = 2F51E42E1A0FB49100702944 /* PTRXAppDelegate.m */; };
		2F51E4371A0FB49100702944 /* Images.xcassets in Resources */ = {isa = PBXBuildFile; fileRef = 2F51E4361A0FB49100702944 /* Images.xcassets */; };
		2F51E43E1A0FB49100702944 /* XCTest.framework in Frameworks */ = {isa = PBXBuildFile; fileRef = 2F51E43D1A0FB49100702944 /* XCTest.framework */; };
		2F51E43F1A0FB49100702944 /* Foundation.framework in Frameworks */ = {isa = PBXBuildFile; fileRef = 2F51E41E1A0FB49100702944 /* Foundation.framework */; };
		2F51E4401A0FB49100702944 /* UIKit.framework in Frameworks */ = {isa = PBXBuildFile; fileRef = 2F51E4221A0FB49100702944 /* UIKit.framework */; };
		2F51E4481A0FB49100702944 /* InfoPlist.strings in Resources */ = {isa = PBXBuildFile; fileRef = 2F51E4461A0FB49100702944 /* InfoPlist.strings */; };
		2F51E44A1A0FB49100702944 /* StoreSearchTests.m in Sources */ = {isa = PBXBuildFile; fileRef = 2F51E4491A0FB49100702944 /* StoreSearchTests.m */; };
		2F51E4561A0FB5A100702944 /* PTRXSearchViewController.m in Sources */ = {isa = PBXBuildFile; fileRef = 2F51E4541A0FB5A100702944 /* PTRXSearchViewController.m */; };
		2F51E4571A0FB5A100702944 /* PTRXSearchViewController.xib in Resources */ = {isa = PBXBuildFile; fileRef = 2F51E4551A0FB5A100702944 /* PTRXSearchViewController.xib */; };
		2F51E45A1A0FC54C00702944 /* PTRXSearchResult.m in Sources */ = {isa = PBXBuildFile; fileRef = 2F51E4591A0FC54C00702944 /* PTRXSearchResult.m */; };
		2F5D90761A106B1200CC4C02 /* PTRXSearchResultCell.xib in Resources */ = {isa = PBXBuildFile; fileRef = 2F5D90751A106B1200CC4C02 /* PTRXSearchResultCell.xib */; };
		2F5D907F1A10713000CC4C02 /* PTRXSearchResultCell.m in Sources */ = {isa = PBXBuildFile; fileRef = 2F5D907E1A10713000CC4C02 /* PTRXSearchResultCell.m */; };
		2F5D90831A10770A00CC4C02 /* PTRXNothingFoundCell.xib in Resources */ = {isa = PBXBuildFile; fileRef = 2F5D90821A10770A00CC4C02 /* PTRXNothingFoundCell.xib */; };
		2F6E74D51A15103800AE0290 /* PTRXGradientView.m in Sources */ = {isa = PBXBuildFile; fileRef = 2F6E74D41A15103800AE0290 /* PTRXGradientView.m */; };
		2FE553C51A14916000CC0705 /* PTRXDetailViewController.m in Sources */ = {isa = PBXBuildFile; fileRef = 2FE553C31A14916000CC0705 /* PTRXDetailViewController.m */; };
		2FE553C61A14916000CC0705 /* PTRXDetailViewController.xib in Resources */ = {isa = PBXBuildFile; fileRef = 2FE553C41A14916000CC0705 /* PTRXDetailViewController.xib */; };
		FA7331F0BF3B987D489AFE64 /* libPods-StoreSearch.a in Frameworks */ = {isa = PBXBuildFile; fileRef = 869FF4F7902BC3F8012CE482 /* libPods-StoreSearch.a */; };
/* End PBXBuildFile section */

/* Begin PBXContainerItemProxy section */
		2F51E4411A0FB49100702944 /* PBXContainerItemProxy */ = {
			isa = PBXContainerItemProxy;
			containerPortal = 2F51E4131A0FB49100702944 /* Project object */;
			proxyType = 1;
			remoteGlobalIDString = 2F51E41A1A0FB49100702944;
			remoteInfo = StoreSearch;
		};
/* End PBXContainerItemProxy section */

/* Begin PBXFileReference section */
		04C9D64C47796B16A8669BFD /* Pods-StoreSearch.debug.xcconfig */ = {isa = PBXFileReference; includeInIndex = 1; lastKnownFileType = text.xcconfig; name = "Pods-StoreSearch.debug.xcconfig"; path = "Pods/Target Support Files/Pods-StoreSearch/Pods-StoreSearch.debug.xcconfig"; sourceTree = "<group>"; };
		2F2C39281A15E12200D0280F /* PTRXLandscapeViewController.h */ = {isa = PBXFileReference; fileEncoding = 4; lastKnownFileType = sourcecode.c.h; path = PTRXLandscapeViewController.h; sourceTree = "<group>"; };
		2F2C39291A15E12200D0280F /* PTRXLandscapeViewController.m */ = {isa = PBXFileReference; fileEncoding = 4; lastKnownFileType = sourcecode.c.objc; path = PTRXLandscapeViewController.m; sourceTree = "<group>"; };
		2F2C392A1A15E12200D0280F /* PTRXLandscapeViewController.xib */ = {isa = PBXFileReference; fileEncoding = 4; lastKnownFileType = file.xib; path = PTRXLandscapeViewController.xib; sourceTree = "<group>"; };
		2F3343281A189F0C00008283 /* PTRXSearch.h */ = {isa = PBXFileReference; fileEncoding = 4; lastKnownFileType = sourcecode.c.h; path = PTRXSearch.h; sourceTree = "<group>"; };
		2F3343291A189F0C00008283 /* PTRXSearch.m */ = {isa = PBXFileReference; fileEncoding = 4; lastKnownFileType = sourcecode.c.objc; path = PTRXSearch.m; sourceTree = "<group>"; };
		2F4307D41A1307D000CCE884 /* PTRXLoadingCell.xib */ = {isa = PBXFileReference; fileEncoding = 4; lastKnownFileType = file.xib; path = PTRXLoadingCell.xib; sourceTree = "<group>"; };
		2F51E41B1A0FB49100702944 /* StoreSearch.app */ = {isa = PBXFileReference; explicitFileType = wrapper.application; includeInIndex = 0; path = StoreSearch.app; sourceTree = BUILT_PRODUCTS_DIR; };
		2F51E41E1A0FB49100702944 /* Foundation.framework */ = {isa = PBXFileReference; lastKnownFileType = wrapper.framework; name = Foundation.framework; path = System/Library/Frameworks/Foundation.framework; sourceTree = SDKROOT; };
		2F51E4201A0FB49100702944 /* CoreGraphics.framework */ = {isa = PBXFileReference; lastKnownFileType = wrapper.framework; name = CoreGraphics.framework; path = System/Library/Frameworks/CoreGraphics.framework; sourceTree = SDKROOT; };
		2F51E4221A0FB49100702944 /* UIKit.framework */ = {isa = PBXFileReference; lastKnownFileType = wrapper.framework; name = UIKit.framework; path = System/Library/Frameworks/UIKit.framework; sourceTree = SDKROOT; };
		2F51E4261A0FB49100702944 /* StoreSearch-Info.plist */ = {isa = PBXFileReference; lastKnownFileType = text.plist.xml; path = "StoreSearch-Info.plist"; sourceTree = "<group>"; };
		2F51E4281A0FB49100702944 /* en */ = {isa = PBXFileReference; lastKnownFileType = text.plist.strings; name = en; path = en.lproj/InfoPlist.strings; sourceTree = "<group>"; };
		2F51E42A1A0FB49100702944 /* main.m */ = {isa = PBXFileReference; lastKnownFileType = sourcecode.c.objc; path = main.m; sourceTree = "<group>"; };
		2F51E42C1A0FB49100702944 /* StoreSearch-Prefix.pch */ = {isa = PBXFileReference; lastKnownFileType = sourcecode.c.h; path = "StoreSearch-Prefix.pch"; sourceTree = "<group>"; };
		2F51E42D1A0FB49100702944 /* PTRXAppDelegate.h */ = {isa = PBXFileReference; lastKnownFileType = sourcecode.c.h; path = PTRXAppDelegate.h; sourceTree = "<group>"; };
		2F51E42E1A0FB49100702944 /* PTRXAppDelegate.m */ = {isa = PBXFileReference; lastKnownFileType = sourcecode.c.objc; path = PTRXAppDelegate.m; sourceTree = "<group>"; };
		2F51E4361A0FB49100702944 /* Images.xcassets */ = {isa = PBXFileReference; lastKnownFileType = folder.assetcatalog; path = Images.xcassets; sourceTree = "<group>"; };
		2F51E43C1A0FB49100702944 /* StoreSearchTests.xctest */ = {isa = PBXFileReference; explicitFileType = wrapper.cfbundle; includeInIndex = 0; path = StoreSearchTests.xctest; sourceTree = BUILT_PRODUCTS_DIR; };
		2F51E43D1A0FB49100702944 /* XCTest.framework */ = {isa = PBXFileReference; lastKnownFileType = wrapper.framework; name = XCTest.framework; path = Library/Frameworks/XCTest.framework; sourceTree = DEVELOPER_DIR; };
		2F51E4451A0FB49100702944 /* StoreSearchTests-Info.plist */ = {isa = PBXFileReference; lastKnownFileType = text.plist.xml; path = "StoreSearchTests-Info.plist"; sourceTree = "<group>"; };
		2F51E4471A0FB49100702944 /* en */ = {isa = PBXFileReference; lastKnownFileType = text.plist.strings; name = en; path = en.lproj/InfoPlist.strings; sourceTree = "<group>"; };
		2F51E4491A0FB49100702944 /* StoreSearchTests.m */ = {isa = PBXFileReference; lastKnownFileType = sourcecode.c.objc; path = StoreSearchTests.m; sourceTree = "<group>"; };
		2F51E4531A0FB5A100702944 /* PTRXSearchViewController.h */ = {isa = PBXFileReference; fileEncoding = 4; lastKnownFileType = sourcecode.c.h; path = PTRXSearchViewController.h; sourceTree = "<group>"; };
		2F51E4541A0FB5A100702944 /* PTRXSearchViewController.m */ = {isa = PBXFileReference; fileEncoding = 4; lastKnownFileType = sourcecode.c.objc; path = PTRXSearchViewController.m; sourceTree = "<group>"; };
		2F51E4551A0FB5A100702944 /* PTRXSearchViewController.xib */ = {isa = PBXFileReference; fileEncoding = 4; lastKnownFileType = file.xib; path = PTRXSearchViewController.xib; sourceTree = "<group>"; };
		2F51E4581A0FC54C00702944 /* PTRXSearchResult.h */ = {isa = PBXFileReference; fileEncoding = 4; lastKnownFileType = sourcecode.c.h; path = PTRXSearchResult.h; sourceTree = "<group>"; };
		2F51E4591A0FC54C00702944 /* PTRXSearchResult.m */ = {isa = PBXFileReference; fileEncoding = 4; lastKnownFileType = sourcecode.c.objc; path = PTRXSearchResult.m; sourceTree = "<group>"; };
		2F5D90751A106B1200CC4C02 /* PTRXSearchResultCell.xib */ = {isa = PBXFileReference; fileEncoding = 4; lastKnownFileType = file.xib; path = PTRXSearchResultCell.xib; sourceTree = "<group>"; };
		2F5D907D1A10713000CC4C02 /* PTRXSearchResultCell.h */ = {isa = PBXFileReference; fileEncoding = 4; lastKnownFileType = sourcecode.c.h; path = PTRXSearchResultCell.h; sourceTree = "<group>"; };
		2F5D907E1A10713000CC4C02 /* PTRXSearchResultCell.m */ = {isa = PBXFileReference; fileEncoding = 4; lastKnownFileType = sourcecode.c.objc; path = PTRXSearchResultCell.m; sourceTree = "<group>"; };
		2F5D90821A10770A00CC4C02 /* PTRXNothingFoundCell.xib */ = {isa = PBXFileReference; fileEncoding = 4; lastKnownFileType = file.xib; path = PTRXNothingFoundCell.xib; sourceTree = "<group>"; };
		2F6E74D31A15103800AE0290 /* PTRXGradientView.h */ = {isa = PBXFileReference; fileEncoding = 4; lastKnownFileType = sourcecode.c.h; path = PTRXGradientView.h; sourceTree = "<group>"; };
		2F6E74D41A15103800AE0290 /* PTRXGradientView.m */ = {isa = PBXFileReference; fileEncoding = 4; lastKnownFileType = sourcecode.c.objc; path = PTRXGradientView.m; sourceTree = "<group>"; };
		2FE553C21A14916000CC0705 /* PTRXDetailViewController.h */ = {isa = PBXFileReference; fileEncoding = 4; lastKnownFileType = sourcecode.c.h; path = PTRXDetailViewController.h; sourceTree = "<group>"; };
		2FE553C31A14916000CC0705 /* PTRXDetailViewController.m */ = {isa = PBXFileReference; fileEncoding = 4; lastKnownFileType = sourcecode.c.objc; path = PTRXDetailViewController.m; sourceTree = "<group>"; };
		2FE553C41A14916000CC0705 /* PTRXDetailViewController.xib */ = {isa = PBXFileReference; fileEncoding = 4; lastKnownFileType = file.xib; path = PTRXDetailViewController.xib; sourceTree = "<group>"; };
		869FF4F7902BC3F8012CE482 /* libPods-StoreSearch.a */ = {isa = PBXFileReference; explicitFileType = archive.ar; includeInIndex = 0; path = "libPods-StoreSearch.a"; sourceTree = BUILT_PRODUCTS_DIR; };
		91BDAB20F0D22BEE111E9915 /* Pods-StoreSearch.release.xcconfig */ = {isa = PBXFileReference; includeInIndex = 1; lastKnownFileType = text.xcconfig; name = "Pods-StoreSearch.release.xcconfig"; path = "Pods/Target Support Files/Pods-StoreSearch/Pods-StoreSearch.release.xcconfig"; sourceTree = "<group>"; };
/* End PBXFileReference section */

/* Begin PBXFrameworksBuildPhase section */
		2F51E4181A0FB49100702944 /* Frameworks */ = {
			isa = PBXFrameworksBuildPhase;
			buildActionMask = 2147483647;
			files = (
				2F51E4211A0FB49100702944 /* CoreGraphics.framework in Frameworks */,
				2F51E4231A0FB49100702944 /* UIKit.framework in Frameworks */,
				2F51E41F1A0FB49100702944 /* Foundation.framework in Frameworks */,
				FA7331F0BF3B987D489AFE64 /* libPods-StoreSearch.a in Frameworks */,
			);
			runOnlyForDeploymentPostprocessing = 0;
		};
		2F51E4391A0FB49100702944 /* Frameworks */ = {
			isa = PBXFrameworksBuildPhase;
			buildActionMask = 2147483647;
			files = (
				2F51E43E1A0FB49100702944 /* XCTest.framework in Frameworks */,
				2F51E4401A0FB49100702944 /* UIKit.framework in Frameworks */,
				2F51E43F1A0FB49100702944 /* Foundation.framework in Frameworks */,
			);
			runOnlyForDeploymentPostprocessing = 0;
		};
/* End PBXFrameworksBuildPhase section */

/* Begin PBXGroup section */
		2F51E4121A0FB49100702944 = {
			isa = PBXGroup;
			children = (
				2F51E4241A0FB49100702944 /* StoreSearch */,
				2F51E4431A0FB49100702944 /* StoreSearchTests */,
				2F51E41D1A0FB49100702944 /* Frameworks */,
				2F51E41C1A0FB49100702944 /* Products */,
				F7D2E2465DFB850854D877A1 /* Pods */,
			);
			sourceTree = "<group>";
		};
		2F51E41C1A0FB49100702944 /* Products */ = {
			isa = PBXGroup;
			children = (
				2F51E41B1A0FB49100702944 /* StoreSearch.app */,
				2F51E43C1A0FB49100702944 /* StoreSearchTests.xctest */,
			);
			name = Products;
			sourceTree = "<group>";
		};
		2F51E41D1A0FB49100702944 /* Frameworks */ = {
			isa = PBXGroup;
			children = (
				2F51E41E1A0FB49100702944 /* Foundation.framework */,
				2F51E4201A0FB49100702944 /* CoreGraphics.framework */,
				2F51E4221A0FB49100702944 /* UIKit.framework */,
				2F51E43D1A0FB49100702944 /* XCTest.framework */,
				869FF4F7902BC3F8012CE482 /* libPods-StoreSearch.a */,
			);
			name = Frameworks;
			sourceTree = "<group>";
		};
		2F51E4241A0FB49100702944 /* StoreSearch */ = {
			isa = PBXGroup;
			children = (
				2F51E42D1A0FB49100702944 /* PTRXAppDelegate.h */,
				2F51E42E1A0FB49100702944 /* PTRXAppDelegate.m */,
				2F51E4531A0FB5A100702944 /* PTRXSearchViewController.h */,
				2F51E4541A0FB5A100702944 /* PTRXSearchViewController.m */,
				2F51E4581A0FC54C00702944 /* PTRXSearchResult.h */,
				2F51E4591A0FC54C00702944 /* PTRXSearchResult.m */,
				2F5D907D1A10713000CC4C02 /* PTRXSearchResultCell.h */,
				2F5D907E1A10713000CC4C02 /* PTRXSearchResultCell.m */,
				2F51E4551A0FB5A100702944 /* PTRXSearchViewController.xib */,
				2F5D90751A106B1200CC4C02 /* PTRXSearchResultCell.xib */,
				2F5D90821A10770A00CC4C02 /* PTRXNothingFoundCell.xib */,
				2F4307D41A1307D000CCE884 /* PTRXLoadingCell.xib */,
				2FE553C21A14916000CC0705 /* PTRXDetailViewController.h */,
				2FE553C31A14916000CC0705 /* PTRXDetailViewController.m */,
				2FE553C41A14916000CC0705 /* PTRXDetailViewController.xib */,
				2F6E74D31A15103800AE0290 /* PTRXGradientView.h */,
				2F6E74D41A15103800AE0290 /* PTRXGradientView.m */,
				2F2C39281A15E12200D0280F /* PTRXLandscapeViewController.h */,
				2F2C39291A15E12200D0280F /* PTRXLandscapeViewController.m */,
				2F2C392A1A15E12200D0280F /* PTRXLandscapeViewController.xib */,
				2F3343281A189F0C00008283 /* PTRXSearch.h */,
				2F3343291A189F0C00008283 /* PTRXSearch.m */,
				2F51E4361A0FB49100702944 /* Images.xcassets */,
				2F51E4251A0FB49100702944 /* Supporting Files */,
			);
			path = StoreSearch;
			sourceTree = "<group>";
		};
		2F51E4251A0FB49100702944 /* Supporting Files */ = {
			isa = PBXGroup;
			children = (
				2F51E4261A0FB49100702944 /* StoreSearch-Info.plist */,
				2F51E4271A0FB49100702944 /* InfoPlist.strings */,
				2F51E42A1A0FB49100702944 /* main.m */,
				2F51E42C1A0FB49100702944 /* StoreSearch-Prefix.pch */,
			);
			name = "Supporting Files";
			sourceTree = "<group>";
		};
		2F51E4431A0FB49100702944 /* StoreSearchTests */ = {
			isa = PBXGroup;
			children = (
				2F51E4491A0FB49100702944 /* StoreSearchTests.m */,
				2F51E4441A0FB49100702944 /* Supporting Files */,
			);
			path = StoreSearchTests;
			sourceTree = "<group>";
		};
		2F51E4441A0FB49100702944 /* Supporting Files */ = {
			isa = PBXGroup;
			children = (
				2F51E4451A0FB49100702944 /* StoreSearchTests-Info.plist */,
				2F51E4461A0FB49100702944 /* InfoPlist.strings */,
			);
			name = "Supporting Files";
			sourceTree = "<group>";
		};
		F7D2E2465DFB850854D877A1 /* Pods */ = {
			isa = PBXGroup;
			children = (
				04C9D64C47796B16A8669BFD /* Pods-StoreSearch.debug.xcconfig */,
				91BDAB20F0D22BEE111E9915 /* Pods-StoreSearch.release.xcconfig */,
			);
			name = Pods;
			sourceTree = "<group>";
		};
/* End PBXGroup section */

/* Begin PBXNativeTarget section */
		2F51E41A1A0FB49100702944 /* StoreSearch */ = {
			isa = PBXNativeTarget;
			buildConfigurationList = 2F51E44D1A0FB49100702944 /* Build configuration list for PBXNativeTarget "StoreSearch" */;
			buildPhases = (
				C5A9E211A8EE443C12DEB279 /* Check Pods Manifest.lock */,
				2F51E4171A0FB49100702944 /* Sources */,
				2F51E4181A0FB49100702944 /* Frameworks */,
				2F51E4191A0FB49100702944 /* Resources */,
				471583EB2FF5EC0E01C450D2 /* Copy Pods Resources */,
			);
			buildRules = (
			);
			dependencies = (
			);
			name = StoreSearch;
			productName = StoreSearch;
			productReference = 2F51E41B1A0FB49100702944 /* StoreSearch.app */;
			productType = "com.apple.product-type.application";
		};
		2F51E43B1A0FB49100702944 /* StoreSearchTests */ = {
			isa = PBXNativeTarget;
			buildConfigurationList = 2F51E4501A0FB49100702944 /* Build configuration list for PBXNativeTarget "StoreSearchTests" */;
			buildPhases = (
				2F51E4381A0FB49100702944 /* Sources */,
				2F51E4391A0FB49100702944 /* Frameworks */,
				2F51E43A1A0FB49100702944 /* Resources */,
			);
			buildRules = (
			);
			dependencies = (
				2F51E4421A0FB49100702944 /* PBXTargetDependency */,
			);
			name = StoreSearchTests;
			productName = StoreSearchTests;
			productReference = 2F51E43C1A0FB49100702944 /* StoreSearchTests.xctest */;
			productType = "com.apple.product-type.bundle.unit-test";
		};
/* End PBXNativeTarget section */

/* Begin PBXProject section */
		2F51E4131A0FB49100702944 /* Project object */ = {
			isa = PBXProject;
			attributes = {
				CLASSPREFIX = PTRX;
				LastUpgradeCheck = 0510;
				ORGANIZATIONNAME = "Wang Long";
				TargetAttributes = {
					2F51E43B1A0FB49100702944 = {
						TestTargetID = 2F51E41A1A0FB49100702944;
					};
				};
			};
			buildConfigurationList = 2F51E4161A0FB49100702944 /* Build configuration list for PBXProject "StoreSearch" */;
			compatibilityVersion = "Xcode 3.2";
			developmentRegion = English;
			hasScannedForEncodings = 0;
			knownRegions = (
				en,
				Base,
			);
			mainGroup = 2F51E4121A0FB49100702944;
			productRefGroup = 2F51E41C1A0FB49100702944 /* Products */;
			projectDirPath = "";
			projectRoot = "";
			targets = (
				2F51E41A1A0FB49100702944 /* StoreSearch */,
				2F51E43B1A0FB49100702944 /* StoreSearchTests */,
			);
		};
/* End PBXProject section */

/* Begin PBXResourcesBuildPhase section */
		2F51E4191A0FB49100702944 /* Resources */ = {
			isa = PBXResourcesBuildPhase;
			buildActionMask = 2147483647;
			files = (
				2F2C392C1A15E12200D0280F /* PTRXLandscapeViewController.xib in Resources */,
				2F4307D51A1307D000CCE884 /* PTRXLoadingCell.xib in Resources */,
				2F5D90831A10770A00CC4C02 /* PTRXNothingFoundCell.xib in Resources */,
				2F5D90761A106B1200CC4C02 /* PTRXSearchResultCell.xib in Resources */,
				2F51E4371A0FB49100702944 /* Images.xcassets in Resources */,
				2FE553C61A14916000CC0705 /* PTRXDetailViewController.xib in Resources */,
				2F51E4291A0FB49100702944 /* InfoPlist.strings in Resources */,
				2F51E4571A0FB5A100702944 /* PTRXSearchViewController.xib in Resources */,
			);
			runOnlyForDeploymentPostprocessing = 0;
		};
		2F51E43A1A0FB49100702944 /* Resources */ = {
			isa = PBXResourcesBuildPhase;
			buildActionMask = 2147483647;
			files = (
				2F51E4481A0FB49100702944 /* InfoPlist.strings in Resources */,
			);
			runOnlyForDeploymentPostprocessing = 0;
		};
/* End PBXResourcesBuildPhase section */

/* Begin PBXShellScriptBuildPhase section */
		471583EB2FF5EC0E01C450D2 /* Copy Pods Resources */ = {
			isa = PBXShellScriptBuildPhase;
			buildActionMask = 2147483647;
			files = (
			);
			inputPaths = (
			);
			name = "Copy Pods Resources";
			outputPaths = (
			);
			runOnlyForDeploymentPostprocessing = 0;
			shellPath = /bin/sh;
			shellScript = "\"${SRCROOT}/Pods/Target Support Files/Pods-StoreSearch/Pods-StoreSearch-resources.sh\"\n";
			showEnvVarsInLog = 0;
		};
		C5A9E211A8EE443C12DEB279 /* Check Pods Manifest.lock */ = {
			isa = PBXShellScriptBuildPhase;
			buildActionMask = 2147483647;
			files = (
			);
			inputPaths = (
			);
			name = "Check Pods Manifest.lock";
			outputPaths = (
			);
			runOnlyForDeploymentPostprocessing = 0;
			shellPath = /bin/sh;
			shellScript = "diff \"${PODS_ROOT}/../Podfile.lock\" \"${PODS_ROOT}/Manifest.lock\" > /dev/null\nif [[ $? != 0 ]] ; then\n    cat << EOM\nerror: The sandbox is not in sync with the Podfile.lock. Run 'pod install' or update your CocoaPods installation.\nEOM\n    exit 1\nfi\n";
			showEnvVarsInLog = 0;
		};
/* End PBXShellScriptBuildPhase section */

/* Begin PBXSourcesBuildPhase section */
		2F51E4171A0FB49100702944 /* Sources */ = {
			isa = PBXSourcesBuildPhase;
			buildActionMask = 2147483647;
			files = (
				2F2C392B1A15E12200D0280F /* PTRXLandscapeViewController.m in Sources */,
				2F51E45A1A0FC54C00702944 /* PTRXSearchResult.m in Sources */,
				2F33432A1A189F0C00008283 /* PTRXSearch.m in Sources */,
				2F5D907F1A10713000CC4C02 /* PTRXSearchResultCell.m in Sources */,
				2F51E42F1A0FB49100702944 /* PTRXAppDelegate.m in Sources */,
				2F6E74D51A15103800AE0290 /* PTRXGradientView.m in Sources */,
				2F51E42B1A0FB49100702944 /* main.m in Sources */,
				2F51E4561A0FB5A100702944 /* PTRXSearchViewController.m in Sources */,
				2FE553C51A14916000CC0705 /* PTRXDetailViewController.m in Sources */,
			);
			runOnlyForDeploymentPostprocessing = 0;
		};
		2F51E4381A0FB49100702944 /* Sources */ = {
			isa = PBXSourcesBuildPhase;
			buildActionMask = 2147483647;
			files = (
				2F51E44A1A0FB49100702944 /* StoreSearchTests.m in Sources */,
			);
			runOnlyForDeploymentPostprocessing = 0;
		};
/* End PBXSourcesBuildPhase section */

/* Begin PBXTargetDependency section */
		2F51E4421A0FB49100702944 /* PBXTargetDependency */ = {
			isa = PBXTargetDependency;
			target = 2F51E41A1A0FB49100702944 /* StoreSearch */;
			targetProxy = 2F51E4411A0FB49100702944 /* PBXContainerItemProxy */;
		};
/* End PBXTargetDependency section */

/* Begin PBXVariantGroup section */
		2F51E4271A0FB49100702944 /* InfoPlist.strings */ = {
			isa = PBXVariantGroup;
			children = (
				2F51E4281A0FB49100702944 /* en */,
			);
			name = InfoPlist.strings;
			sourceTree = "<group>";
		};
		2F51E4461A0FB49100702944 /* InfoPlist.strings */ = {
			isa = PBXVariantGroup;
			children = (
				2F51E4471A0FB49100702944 /* en */,
			);
			name = InfoPlist.strings;
			sourceTree = "<group>";
		};
/* End PBXVariantGroup section */

/* Begin XCBuildConfiguration section */
		2F51E44B1A0FB49100702944 /* Debug */ = {
			isa = XCBuildConfiguration;
			buildSettings = {
				ALWAYS_SEARCH_USER_PATHS = NO;
				CLANG_CXX_LANGUAGE_STANDARD = "gnu++0x";
				CLANG_CXX_LIBRARY = "libc++";
				CLANG_ENABLE_MODULES = YES;
				CLANG_ENABLE_OBJC_ARC = YES;
				CLANG_WARN_BOOL_CONVERSION = YES;
				CLANG_WARN_CONSTANT_CONVERSION = YES;
				CLANG_WARN_DIRECT_OBJC_ISA_USAGE = YES_ERROR;
				CLANG_WARN_EMPTY_BODY = YES;
				CLANG_WARN_ENUM_CONVERSION = YES;
				CLANG_WARN_INT_CONVERSION = YES;
				CLANG_WARN_OBJC_ROOT_CLASS = YES_ERROR;
				CLANG_WARN__DUPLICATE_METHOD_MATCH = YES;
				"CODE_SIGN_IDENTITY[sdk=iphoneos*]" = "iPhone Developer";
				COPY_PHASE_STRIP = NO;
				GCC_C_LANGUAGE_STANDARD = gnu99;
				GCC_DYNAMIC_NO_PIC = NO;
				GCC_OPTIMIZATION_LEVEL = 0;
				GCC_PREPROCESSOR_DEFINITIONS = (
					"DEBUG=1",
					"$(inherited)",
				);
				GCC_SYMBOLS_PRIVATE_EXTERN = NO;
				GCC_WARN_64_TO_32_BIT_CONVERSION = YES;
				GCC_WARN_ABOUT_RETURN_TYPE = YES_ERROR;
				GCC_WARN_UNDECLARED_SELECTOR = YES;
				GCC_WARN_UNINITIALIZED_AUTOS = YES_AGGRESSIVE;
				GCC_WARN_UNUSED_FUNCTION = YES;
				GCC_WARN_UNUSED_VARIABLE = YES;
				IPHONEOS_DEPLOYMENT_TARGET = 7.1;
				ONLY_ACTIVE_ARCH = YES;
				SDKROOT = iphoneos;
			};
			name = Debug;
		};
		2F51E44C1A0FB49100702944 /* Release */ = {
			isa = XCBuildConfiguration;
			buildSettings = {
				ALWAYS_SEARCH_USER_PATHS = NO;
				CLANG_CXX_LANGUAGE_STANDARD = "gnu++0x";
				CLANG_CXX_LIBRARY = "libc++";
				CLANG_ENABLE_MODULES = YES;
				CLANG_ENABLE_OBJC_ARC = YES;
				CLANG_WARN_BOOL_CONVERSION = YES;
				CLANG_WARN_CONSTANT_CONVERSION = YES;
				CLANG_WARN_DIRECT_OBJC_ISA_USAGE = YES_ERROR;
				CLANG_WARN_EMPTY_BODY = YES;
				CLANG_WARN_ENUM_CONVERSION = YES;
				CLANG_WARN_INT_CONVERSION = YES;
				CLANG_WARN_OBJC_ROOT_CLASS = YES_ERROR;
				CLANG_WARN__DUPLICATE_METHOD_MATCH = YES;
				"CODE_SIGN_IDENTITY[sdk=iphoneos*]" = "iPhone Developer";
				COPY_PHASE_STRIP = YES;
				ENABLE_NS_ASSERTIONS = NO;
				GCC_C_LANGUAGE_STANDARD = gnu99;
				GCC_WARN_64_TO_32_BIT_CONVERSION = YES;
				GCC_WARN_ABOUT_RETURN_TYPE = YES_ERROR;
				GCC_WARN_UNDECLARED_SELECTOR = YES;
				GCC_WARN_UNINITIALIZED_AUTOS = YES_AGGRESSIVE;
				GCC_WARN_UNUSED_FUNCTION = YES;
				GCC_WARN_UNUSED_VARIABLE = YES;
				IPHONEOS_DEPLOYMENT_TARGET = 7.1;
				SDKROOT = iphoneos;
				VALIDATE_PRODUCT = YES;
			};
			name = Release;
		};
		2F51E44E1A0FB49100702944 /* Debug */ = {
			isa = XCBuildConfiguration;
			baseConfigurationReference = 04C9D64C47796B16A8669BFD /* Pods-StoreSearch.debug.xcconfig */;
			buildSettings = {
				ASSETCATALOG_COMPILER_APPICON_NAME = AppIcon;
				ASSETCATALOG_COMPILER_LAUNCHIMAGE_NAME = LaunchImage;
				GCC_PRECOMPILE_PREFIX_HEADER = YES;
				GCC_PREFIX_HEADER = "StoreSearch/StoreSearch-Prefix.pch";
				INFOPLIST_FILE = "StoreSearch/StoreSearch-Info.plist";
				PRODUCT_NAME = "$(TARGET_NAME)";
				WRAPPER_EXTENSION = app;
			};
			name = Debug;
		};
		2F51E44F1A0FB49100702944 /* Release */ = {
			isa = XCBuildConfiguration;
			baseConfigurationReference = 91BDAB20F0D22BEE111E9915 /* Pods-StoreSearch.release.xcconfig */;
			buildSettings = {
				ASSETCATALOG_COMPILER_APPICON_NAME = AppIcon;
				ASSETCATALOG_COMPILER_LAUNCHIMAGE_NAME = LaunchImage;
				GCC_PRECOMPILE_PREFIX_HEADER = YES;
				GCC_PREFIX_HEADER = "StoreSearch/StoreSearch-Prefix.pch";
				INFOPLIST_FILE = "StoreSearch/StoreSearch-Info.plist";
				PRODUCT_NAME = "$(TARGET_NAME)";
				WRAPPER_EXTENSION = app;
			};
			name = Release;
		};
		2F51E4511A0FB49100702944 /* Debug */ = {
			isa = XCBuildConfiguration;
			buildSettings = {
				BUNDLE_LOADER = "$(BUILT_PRODUCTS_DIR)/StoreSearch.app/StoreSearch";
				FRAMEWORK_SEARCH_PATHS = (
					"$(SDKROOT)/Developer/Library/Frameworks",
					"$(inherited)",
					"$(DEVELOPER_FRAMEWORKS_DIR)",
				);
				GCC_PRECOMPILE_PREFIX_HEADER = YES;
				GCC_PREFIX_HEADER = "StoreSearch/StoreSearch-Prefix.pch";
				GCC_PREPROCESSOR_DEFINITIONS = (
					"DEBUG=1",
					"$(inherited)",
				);
				INFOPLIST_FILE = "StoreSearchTests/StoreSearchTests-Info.plist";
				PRODUCT_NAME = "$(TARGET_NAME)";
				TEST_HOST = "$(BUNDLE_LOADER)";
				WRAPPER_EXTENSION = xctest;
			};
			name = Debug;
		};
		2F51E4521A0FB49100702944 /* Release */ = {
			isa = XCBuildConfiguration;
			buildSettings = {
				BUNDLE_LOADER = "$(BUILT_PRODUCTS_DIR)/StoreSearch.app/StoreSearch";
				FRAMEWORK_SEARCH_PATHS = (
					"$(SDKROOT)/Developer/Library/Frameworks",
					"$(inherited)",
					"$(DEVELOPER_FRAMEWORKS_DIR)",
				);
				GCC_PRECOMPILE_PREFIX_HEADER = YES;
				GCC_PREFIX_HEADER = "StoreSearch/StoreSearch-Prefix.pch";
				INFOPLIST_FILE = "StoreSearchTests/StoreSearchTests-Info.plist";
				PRODUCT_NAME = "$(TARGET_NAME)";
				TEST_HOST = "$(BUNDLE_LOADER)";
				WRAPPER_EXTENSION = xctest;
			};
			name = Release;
		};
/* End XCBuildConfiguration section */

/* Begin XCConfigurationList section */
		2F51E4161A0FB49100702944 /* Build configuration list for PBXProject "StoreSearch" */ = {
			isa = XCConfigurationList;
			buildConfigurations = (
				2F51E44B1A0FB49100702944 /* Debug */,
				2F51E44C1A0FB49100702944 /* Release */,
			);
			defaultConfigurationIsVisible = 0;
			defaultConfigurationName = Release;
		};
		2F51E44D1A0FB49100702944 /* Build configuration list for PBXNativeTarget "StoreSearch" */ = {
			isa = XCConfigurationList;
			buildConfigurations = (
				2F51E44E1A0FB49100702944 /* Debug */,
				2F51E44F1A0FB49100702944 /* Release */,
			);
			defaultConfigurationIsVisible = 0;
			defaultConfigurationName = Release;
		};
		2F51E4501A0FB49100702944 /* Build configuration list for PBXNativeTarget "StoreSearchTests" */ = {
			isa = XCConfigurationList;
			buildConfigurations = (
				2F51E4511A0FB49100702944 /* Debug */,
				2F51E4521A0FB49100702944 /* Release */,
			);
			defaultConfigurationIsVisible = 0;
			defaultConfigurationName = Release;
		};
/* End XCConfigurationList section */
	};
	rootObject = 2F51E4131A0FB49100702944 /* Project object */;
}
